// !$*UTF8*$!
{
	archiveVersion = 1;
	classes = {
	};
	objectVersion = 50;
	objects = {

/* Begin PBXBuildFile section */
		AC818DD023A841A700FEE2C9 /* AppDelegate.swift in Sources */ = {isa = PBXBuildFile; fileRef = AC818DCF23A841A700FEE2C9 /* AppDelegate.swift */; };
		AC818DD223A841A700FEE2C9 /* SceneDelegate.swift in Sources */ = {isa = PBXBuildFile; fileRef = AC818DD123A841A700FEE2C9 /* SceneDelegate.swift */; };
		AC818DD423A841A700FEE2C9 /* ContentView.swift in Sources */ = {isa = PBXBuildFile; fileRef = AC818DD323A841A700FEE2C9 /* ContentView.swift */; };
		AC818DD623A841A900FEE2C9 /* Assets.xcassets in Resources */ = {isa = PBXBuildFile; fileRef = AC818DD523A841A900FEE2C9 /* Assets.xcassets */; };
		AC818DD923A841A900FEE2C9 /* Preview Assets.xcassets in Resources */ = {isa = PBXBuildFile; fileRef = AC818DD823A841A900FEE2C9 /* Preview Assets.xcassets */; };
		AC818DDC23A841A900FEE2C9 /* LaunchScreen.storyboard in Resources */ = {isa = PBXBuildFile; fileRef = AC818DDA23A841A900FEE2C9 /* LaunchScreen.storyboard */; };
		AC818DE423A841BB00FEE2C9 /* Habit.swift in Sources */ = {isa = PBXBuildFile; fileRef = AC818DE323A841BB00FEE2C9 /* Habit.swift */; };
		AC818DE623AA4DE900FEE2C9 /* AddHabitView.swift in Sources */ = {isa = PBXBuildFile; fileRef = AC818DE523AA4DE900FEE2C9 /* AddHabitView.swift */; };
		AC818DE823AA573900FEE2C9 /* CardBackgroundView.swift in Sources */ = {isa = PBXBuildFile; fileRef = AC818DE723AA573900FEE2C9 /* CardBackgroundView.swift */; };
		AC818DEA23AAC44000FEE2C9 /* Habits.swift in Sources */ = {isa = PBXBuildFile; fileRef = AC818DE923AAC44000FEE2C9 /* Habits.swift */; };
		AC818DEC23AB916800FEE2C9 /* DetailView.swift in Sources */ = {isa = PBXBuildFile; fileRef = AC818DEB23AB916800FEE2C9 /* DetailView.swift */; };
/* End PBXBuildFile section */

/* Begin PBXFileReference section */
		AC818DCC23A841A700FEE2C9 /* Roger Habit.app */ = {isa = PBXFileReference; explicitFileType = wrapper.application; includeInIndex = 0; path = "Roger Habit.app"; sourceTree = BUILT_PRODUCTS_DIR; };
		AC818DCF23A841A700FEE2C9 /* AppDelegate.swift */ = {isa = PBXFileReference; lastKnownFileType = sourcecode.swift; path = AppDelegate.swift; sourceTree = "<group>"; };
		AC818DD123A841A700FEE2C9 /* SceneDelegate.swift */ = {isa = PBXFileReference; lastKnownFileType = sourcecode.swift; path = SceneDelegate.swift; sourceTree = "<group>"; };
		AC818DD323A841A700FEE2C9 /* ContentView.swift */ = {isa = PBXFileReference; lastKnownFileType = sourcecode.swift; path = ContentView.swift; sourceTree = "<group>"; };
		AC818DD523A841A900FEE2C9 /* Assets.xcassets */ = {isa = PBXFileReference; lastKnownFileType = folder.assetcatalog; path = Assets.xcassets; sourceTree = "<group>"; };
		AC818DD823A841A900FEE2C9 /* Preview Assets.xcassets */ = {isa = PBXFileReference; lastKnownFileType = folder.assetcatalog; path = "Preview Assets.xcassets"; sourceTree = "<group>"; };
		AC818DDB23A841A900FEE2C9 /* Base */ = {isa = PBXFileReference; lastKnownFileType = file.storyboard; name = Base; path = Base.lproj/LaunchScreen.storyboard; sourceTree = "<group>"; };
		AC818DDD23A841A900FEE2C9 /* Info.plist */ = {isa = PBXFileReference; lastKnownFileType = text.plist.xml; path = Info.plist; sourceTree = "<group>"; };
		AC818DE323A841BB00FEE2C9 /* Habit.swift */ = {isa = PBXFileReference; lastKnownFileType = sourcecode.swift; path = Habit.swift; sourceTree = "<group>"; };
		AC818DE523AA4DE900FEE2C9 /* AddHabitView.swift */ = {isa = PBXFileReference; lastKnownFileType = sourcecode.swift; path = AddHabitView.swift; sourceTree = "<group>"; };
		AC818DE723AA573900FEE2C9 /* CardBackgroundView.swift */ = {isa = PBXFileReference; lastKnownFileType = sourcecode.swift; path = CardBackgroundView.swift; sourceTree = "<group>"; };
		AC818DE923AAC44000FEE2C9 /* Habits.swift */ = {isa = PBXFileReference; lastKnownFileType = sourcecode.swift; path = Habits.swift; sourceTree = "<group>"; };
		AC818DEB23AB916800FEE2C9 /* DetailView.swift */ = {isa = PBXFileReference; lastKnownFileType = sourcecode.swift; path = DetailView.swift; sourceTree = "<group>"; };
/* End PBXFileReference section */

/* Begin PBXFrameworksBuildPhase section */
		AC818DC923A841A700FEE2C9 /* Frameworks */ = {
			isa = PBXFrameworksBuildPhase;
			buildActionMask = 2147483647;
			files = (
			);
			runOnlyForDeploymentPostprocessing = 0;
		};
/* End PBXFrameworksBuildPhase section */

/* Begin PBXGroup section */
		AC818DC323A841A700FEE2C9 = {
			isa = PBXGroup;
			children = (
				AC818DCE23A841A700FEE2C9 /* Roger Habit */,
				AC818DCD23A841A700FEE2C9 /* Products */,
			);
			sourceTree = "<group>";
		};
		AC818DCD23A841A700FEE2C9 /* Products */ = {
			isa = PBXGroup;
			children = (
				AC818DCC23A841A700FEE2C9 /* Roger Habit.app */,
			);
			name = Products;
			sourceTree = "<group>";
		};
		AC818DCE23A841A700FEE2C9 /* Roger Habit */ = {
			isa = PBXGroup;
			children = (
				AC818DCF23A841A700FEE2C9 /* AppDelegate.swift */,
				AC818DD123A841A700FEE2C9 /* SceneDelegate.swift */,
				AC818DD323A841A700FEE2C9 /* ContentView.swift */,
				AC818DEB23AB916800FEE2C9 /* DetailView.swift */,
				AC818DE723AA573900FEE2C9 /* CardBackgroundView.swift */,
				AC818DE523AA4DE900FEE2C9 /* AddHabitView.swift */,
				AC818DE323A841BB00FEE2C9 /* Habit.swift */,
				AC818DE923AAC44000FEE2C9 /* Habits.swift */,
				AC818DD523A841A900FEE2C9 /* Assets.xcassets */,
				AC818DDA23A841A900FEE2C9 /* LaunchScreen.storyboard */,
				AC818DDD23A841A900FEE2C9 /* Info.plist */,
				AC818DD723A841A900FEE2C9 /* Preview Content */,
			);
			path = "Roger Habit";
			sourceTree = "<group>";
		};
		AC818DD723A841A900FEE2C9 /* Preview Content */ = {
			isa = PBXGroup;
			children = (
				AC818DD823A841A900FEE2C9 /* Preview Assets.xcassets */,
			);
			path = "Preview Content";
			sourceTree = "<group>";
		};
/* End PBXGroup section */

/* Begin PBXNativeTarget section */
		AC818DCB23A841A700FEE2C9 /* Roger Habit */ = {
			isa = PBXNativeTarget;
			buildConfigurationList = AC818DE023A841A900FEE2C9 /* Build configuration list for PBXNativeTarget "Roger Habit" */;
			buildPhases = (
				AC818DC823A841A700FEE2C9 /* Sources */,
				AC818DC923A841A700FEE2C9 /* Frameworks */,
				AC818DCA23A841A700FEE2C9 /* Resources */,
			);
			buildRules = (
			);
			dependencies = (
			);
			name = "Roger Habit";
			productName = "Roger Habit";
			productReference = AC818DCC23A841A700FEE2C9 /* Roger Habit.app */;
			productType = "com.apple.product-type.application";
		};
/* End PBXNativeTarget section */

/* Begin PBXProject section */
		AC818DC423A841A700FEE2C9 /* Project object */ = {
			isa = PBXProject;
			attributes = {
				LastSwiftUpdateCheck = 1130;
				LastUpgradeCheck = 1130;
				ORGANIZATIONNAME = "Stefan Blos";
				TargetAttributes = {
					AC818DCB23A841A700FEE2C9 = {
						CreatedOnToolsVersion = 11.3;
					};
				};
			};
			buildConfigurationList = AC818DC723A841A700FEE2C9 /* Build configuration list for PBXProject "Roger Habit" */;
			compatibilityVersion = "Xcode 9.3";
			developmentRegion = en;
			hasScannedForEncodings = 0;
			knownRegions = (
				en,
				Base,
			);
			mainGroup = AC818DC323A841A700FEE2C9;
			productRefGroup = AC818DCD23A841A700FEE2C9 /* Products */;
			projectDirPath = "";
			projectRoot = "";
			targets = (
				AC818DCB23A841A700FEE2C9 /* Roger Habit */,
			);
		};
/* End PBXProject section */

/* Begin PBXResourcesBuildPhase section */
		AC818DCA23A841A700FEE2C9 /* Resources */ = {
			isa = PBXResourcesBuildPhase;
			buildActionMask = 2147483647;
			files = (
				AC818DDC23A841A900FEE2C9 /* LaunchScreen.storyboard in Resources */,
				AC818DD923A841A900FEE2C9 /* Preview Assets.xcassets in Resources */,
				AC818DD623A841A900FEE2C9 /* Assets.xcassets in Resources */,
			);
			runOnlyForDeploymentPostprocessing = 0;
		};
/* End PBXResourcesBuildPhase section */

/* Begin PBXSourcesBuildPhase section */
		AC818DC823A841A700FEE2C9 /* Sources */ = {
			isa = PBXSourcesBuildPhase;
			buildActionMask = 2147483647;
			files = (
				AC818DD023A841A700FEE2C9 /* AppDelegate.swift in Sources */,
				AC818DEC23AB916800FEE2C9 /* DetailView.swift in Sources */,
				AC818DD223A841A700FEE2C9 /* SceneDelegate.swift in Sources */,
				AC818DE423A841BB00FEE2C9 /* Habit.swift in Sources */,
				AC818DD423A841A700FEE2C9 /* ContentView.swift in Sources */,
				AC818DE823AA573900FEE2C9 /* CardBackgroundView.swift in Sources */,
				AC818DE623AA4DE900FEE2C9 /* AddHabitView.swift in Sources */,
				AC818DEA23AAC44000FEE2C9 /* Habits.swift in Sources */,
			);
			runOnlyForDeploymentPostprocessing = 0;
		};
/* End PBXSourcesBuildPhase section */

/* Begin PBXVariantGroup section */
		AC818DDA23A841A900FEE2C9 /* LaunchScreen.storyboard */ = {
			isa = PBXVariantGroup;
			children = (
				AC818DDB23A841A900FEE2C9 /* Base */,
			);
			name = LaunchScreen.storyboard;
			sourceTree = "<group>";
		};
/* End PBXVariantGroup section */

/* Begin XCBuildConfiguration section */
		AC818DDE23A841A900FEE2C9 /* Debug */ = {
			isa = XCBuildConfiguration;
			buildSettings = {
				ALWAYS_SEARCH_USER_PATHS = NO;
				CLANG_ANALYZER_NONNULL = YES;
				CLANG_ANALYZER_NUMBER_OBJECT_CONVERSION = YES_AGGRESSIVE;
				CLANG_CXX_LANGUAGE_STANDARD = "gnu++14";
				CLANG_CXX_LIBRARY = "libc++";
				CLANG_ENABLE_MODULES = YES;
				CLANG_ENABLE_OBJC_ARC = YES;
				CLANG_ENABLE_OBJC_WEAK = YES;
				CLANG_WARN_BLOCK_CAPTURE_AUTORELEASING = YES;
				CLANG_WARN_BOOL_CONVERSION = YES;
				CLANG_WARN_COMMA = YES;
				CLANG_WARN_CONSTANT_CONVERSION = YES;
				CLANG_WARN_DEPRECATED_OBJC_IMPLEMENTATIONS = YES;
				CLANG_WARN_DIRECT_OBJC_ISA_USAGE = YES_ERROR;
				CLANG_WARN_DOCUMENTATION_COMMENTS = YES;
				CLANG_WARN_EMPTY_BODY = YES;
				CLANG_WARN_ENUM_CONVERSION = YES;
				CLANG_WARN_INFINITE_RECURSION = YES;
				CLANG_WARN_INT_CONVERSION = YES;
				CLANG_WARN_NON_LITERAL_NULL_CONVERSION = YES;
				CLANG_WARN_OBJC_IMPLICIT_RETAIN_SELF = YES;
				CLANG_WARN_OBJC_LITERAL_CONVERSION = YES;
				CLANG_WARN_OBJC_ROOT_CLASS = YES_ERROR;
				CLANG_WARN_RANGE_LOOP_ANALYSIS = YES;
				CLANG_WARN_STRICT_PROTOTYPES = YES;
				CLANG_WARN_SUSPICIOUS_MOVE = YES;
				CLANG_WARN_UNGUARDED_AVAILABILITY = YES_AGGRESSIVE;
				CLANG_WARN_UNREACHABLE_CODE = YES;
				CLANG_WARN__DUPLICATE_METHOD_MATCH = YES;
				COPY_PHASE_STRIP = NO;
				DEBUG_INFORMATION_FORMAT = dwarf;
				ENABLE_STRICT_OBJC_MSGSEND = YES;
				ENABLE_TESTABILITY = YES;
				GCC_C_LANGUAGE_STANDARD = gnu11;
				GCC_DYNAMIC_NO_PIC = NO;
				GCC_NO_COMMON_BLOCKS = YES;
				GCC_OPTIMIZATION_LEVEL = 0;
				GCC_PREPROCESSOR_DEFINITIONS = (
					"DEBUG=1",
					"$(inherited)",
				);
				GCC_WARN_64_TO_32_BIT_CONVERSION = YES;
				GCC_WARN_ABOUT_RETURN_TYPE = YES_ERROR;
				GCC_WARN_UNDECLARED_SELECTOR = YES;
				GCC_WARN_UNINITIALIZED_AUTOS = YES_AGGRESSIVE;
				GCC_WARN_UNUSED_FUNCTION = YES;
				GCC_WARN_UNUSED_VARIABLE = YES;
				IPHONEOS_DEPLOYMENT_TARGET = 13.2;
				MTL_ENABLE_DEBUG_INFO = INCLUDE_SOURCE;
				MTL_FAST_MATH = YES;
				ONLY_ACTIVE_ARCH = YES;
				SDKROOT = iphoneos;
				SWIFT_ACTIVE_COMPILATION_CONDITIONS = DEBUG;
				SWIFT_OPTIMIZATION_LEVEL = "-Onone";
			};
			name = Debug;
		};
		AC818DDF23A841A900FEE2C9 /* Release */ = {
			isa = XCBuildConfiguration;
			buildSettings = {
				ALWAYS_SEARCH_USER_PATHS = NO;
				CLANG_ANALYZER_NONNULL = YES;
				CLANG_ANALYZER_NUMBER_OBJECT_CONVERSION = YES_AGGRESSIVE;
				CLANG_CXX_LANGUAGE_STANDARD = "gnu++14";
				CLANG_CXX_LIBRARY = "libc++";
				CLANG_ENABLE_MODULES = YES;
				CLANG_ENABLE_OBJC_ARC = YES;
				CLANG_ENABLE_OBJC_WEAK = YES;
				CLANG_WARN_BLOCK_CAPTURE_AUTORELEASING = YES;
				CLANG_WARN_BOOL_CONVERSION = YES;
				CLANG_WARN_COMMA = YES;
				CLANG_WARN_CONSTANT_CONVERSION = YES;
				CLANG_WARN_DEPRECATED_OBJC_IMPLEMENTATIONS = YES;
				CLANG_WARN_DIRECT_OBJC_ISA_USAGE = YES_ERROR;
				CLANG_WARN_DOCUMENTATION_COMMENTS = YES;
				CLANG_WARN_EMPTY_BODY = YES;
				CLANG_WARN_ENUM_CONVERSION = YES;
				CLANG_WARN_INFINITE_RECURSION = YES;
				CLANG_WARN_INT_CONVERSION = YES;
				CLANG_WARN_NON_LITERAL_NULL_CONVERSION = YES;
				CLANG_WARN_OBJC_IMPLICIT_RETAIN_SELF = YES;
				CLANG_WARN_OBJC_LITERAL_CONVERSION = YES;
				CLANG_WARN_OBJC_ROOT_CLASS = YES_ERROR;
				CLANG_WARN_RANGE_LOOP_ANALYSIS = YES;
				CLANG_WARN_STRICT_PROTOTYPES = YES;
				CLANG_WARN_SUSPICIOUS_MOVE = YES;
				CLANG_WARN_UNGUARDED_AVAILABILITY = YES_AGGRESSIVE;
				CLANG_WARN_UNREACHABLE_CODE = YES;
				CLANG_WARN__DUPLICATE_METHOD_MATCH = YES;
				COPY_PHASE_STRIP = NO;
				DEBUG_INFORMATION_FORMAT = "dwarf-with-dsym";
				ENABLE_NS_ASSERTIONS = NO;
				ENABLE_STRICT_OBJC_MSGSEND = YES;
				GCC_C_LANGUAGE_STANDARD = gnu11;
				GCC_NO_COMMON_BLOCKS = YES;
				GCC_WARN_64_TO_32_BIT_CONVERSION = YES;
				GCC_WARN_ABOUT_RETURN_TYPE = YES_ERROR;
				GCC_WARN_UNDECLARED_SELECTOR = YES;
				GCC_WARN_UNINITIALIZED_AUTOS = YES_AGGRESSIVE;
				GCC_WARN_UNUSED_FUNCTION = YES;
				GCC_WARN_UNUSED_VARIABLE = YES;
				IPHONEOS_DEPLOYMENT_TARGET = 13.2;
				MTL_ENABLE_DEBUG_INFO = NO;
				MTL_FAST_MATH = YES;
				SDKROOT = iphoneos;
				SWIFT_COMPILATION_MODE = wholemodule;
				SWIFT_OPTIMIZATION_LEVEL = "-O";
				VALIDATE_PRODUCT = YES;
			};
			name = Release;
		};
		AC818DE123A841A900FEE2C9 /* Debug */ = {
			isa = XCBuildConfiguration;
			buildSettings = {
				ASSETCATALOG_COMPILER_APPICON_NAME = AppIcon;
				CODE_SIGN_STYLE = Automatic;
				DEVELOPMENT_ASSET_PATHS = "\"Roger Habit/Preview Content\"";
				DEVELOPMENT_TEAM = JY49624W8T;
				ENABLE_PREVIEWS = YES;
				INFOPLIST_FILE = "Roger Habit/Info.plist";
				LD_RUNPATH_SEARCH_PATHS = (
					"$(inherited)",
					"@executable_path/Frameworks",
				);
				PRODUCT_BUNDLE_IDENTIFIER = "com.stefanblos.Roger-Habit";
				PRODUCT_NAME = "$(TARGET_NAME)";
				SWIFT_VERSION = 5.0;
				TARGETED_DEVICE_FAMILY = "1,2";
			};
			name = Debug;
		};
		AC818DE223A841A900FEE2C9 /* Release */ = {
			isa = XCBuildConfiguration;
			buildSettings = {
				ASSETCATALOG_COMPILER_APPICON_NAME = AppIcon;
				CODE_SIGN_STYLE = Automatic;
				DEVELOPMENT_ASSET_PATHS = "\"Roger Habit/Preview Content\"";
				DEVELOPMENT_TEAM = JY49624W8T;
				ENABLE_PREVIEWS = YES;
				INFOPLIST_FILE = "Roger Habit/Info.plist";
				LD_RUNPATH_SEARCH_PATHS = (
					"$(inherited)",
					"@executable_path/Frameworks",
				);
				PRODUCT_BUNDLE_IDENTIFIER = "com.stefanblos.Roger-Habit";
				PRODUCT_NAME = "$(TARGET_NAME)";
				SWIFT_VERSION = 5.0;
				TARGETED_DEVICE_FAMILY = "1,2";
			};
			name = Release;
		};
/* End XCBuildConfiguration section */

/* Begin XCConfigurationList section */
		AC818DC723A841A700FEE2C9 /* Build configuration list for PBXProject "Roger Habit" */ = {
			isa = XCConfigurationList;
			buildConfigurations = (
				AC818DDE23A841A900FEE2C9 /* Debug */,
				AC818DDF23A841A900FEE2C9 /* Release */,
			);
			defaultConfigurationIsVisible = 0;
			defaultConfigurationName = Release;
		};
		AC818DE023A841A900FEE2C9 /* Build configuration list for PBXNativeTarget "Roger Habit" */ = {
			isa = XCConfigurationList;
			buildConfigurations = (
				AC818DE123A841A900FEE2C9 /* Debug */,
				AC818DE223A841A900FEE2C9 /* Release */,
			);
			defaultConfigurationIsVisible = 0;
			defaultConfigurationName = Release;
		};
/* End XCConfigurationList section */
	};
	rootObject = AC818DC423A841A700FEE2C9 /* Project object */;
}
