// !$*UTF8*$!
{
	archiveVersion = 1;
	classes = {
	};
	objectVersion = 50;
	objects = {

/* Begin PBXBuildFile section */
		ACA0939A238918420035A191 /* AppDelegate.swift in Sources */ = {isa = PBXBuildFile; fileRef = ACA09399238918420035A191 /* AppDelegate.swift */; };
		ACA0939C238918420035A191 /* SceneDelegate.swift in Sources */ = {isa = PBXBuildFile; fileRef = ACA0939B238918420035A191 /* SceneDelegate.swift */; };
		ACA0939E238918420035A191 /* ContentView.swift in Sources */ = {isa = PBXBuildFile; fileRef = ACA0939D238918420035A191 /* ContentView.swift */; };
		ACA093A0238918430035A191 /* Assets.xcassets in Resources */ = {isa = PBXBuildFile; fileRef = ACA0939F238918430035A191 /* Assets.xcassets */; };
		ACA093A3238918430035A191 /* Preview Assets.xcassets in Resources */ = {isa = PBXBuildFile; fileRef = ACA093A2238918430035A191 /* Preview Assets.xcassets */; };
		ACA093A6238918430035A191 /* LaunchScreen.storyboard in Resources */ = {isa = PBXBuildFile; fileRef = ACA093A4238918430035A191 /* LaunchScreen.storyboard */; };
		ACA093AE2389A0680035A191 /* ConversionUnit.swift in Sources */ = {isa = PBXBuildFile; fileRef = ACA093AD2389A0680035A191 /* ConversionUnit.swift */; };
		ACA093B02389A51B0035A191 /* ConversionView.swift in Sources */ = {isa = PBXBuildFile; fileRef = ACA093AF2389A51B0035A191 /* ConversionView.swift */; };
		ACA093B32389A5FE0035A191 /* ConversionOption.swift in Sources */ = {isa = PBXBuildFile; fileRef = ACA093B22389A5FE0035A191 /* ConversionOption.swift */; };
		ACA093B52389ABFB0035A191 /* ConversionOptions.swift in Sources */ = {isa = PBXBuildFile; fileRef = ACA093B42389ABFB0035A191 /* ConversionOptions.swift */; };
/* End PBXBuildFile section */

/* Begin PBXFileReference section */
		ACA09396238918420035A191 /* Unit Converter.app */ = {isa = PBXFileReference; explicitFileType = wrapper.application; includeInIndex = 0; path = "Unit Converter.app"; sourceTree = BUILT_PRODUCTS_DIR; };
		ACA09399238918420035A191 /* AppDelegate.swift */ = {isa = PBXFileReference; lastKnownFileType = sourcecode.swift; path = AppDelegate.swift; sourceTree = "<group>"; };
		ACA0939B238918420035A191 /* SceneDelegate.swift */ = {isa = PBXFileReference; lastKnownFileType = sourcecode.swift; path = SceneDelegate.swift; sourceTree = "<group>"; };
		ACA0939D238918420035A191 /* ContentView.swift */ = {isa = PBXFileReference; lastKnownFileType = sourcecode.swift; path = ContentView.swift; sourceTree = "<group>"; };
		ACA0939F238918430035A191 /* Assets.xcassets */ = {isa = PBXFileReference; lastKnownFileType = folder.assetcatalog; path = Assets.xcassets; sourceTree = "<group>"; };
		ACA093A2238918430035A191 /* Preview Assets.xcassets */ = {isa = PBXFileReference; lastKnownFileType = folder.assetcatalog; path = "Preview Assets.xcassets"; sourceTree = "<group>"; };
		ACA093A5238918430035A191 /* Base */ = {isa = PBXFileReference; lastKnownFileType = file.storyboard; name = Base; path = Base.lproj/LaunchScreen.storyboard; sourceTree = "<group>"; };
		ACA093A7238918430035A191 /* Info.plist */ = {isa = PBXFileReference; lastKnownFileType = text.plist.xml; path = Info.plist; sourceTree = "<group>"; };
		ACA093AD2389A0680035A191 /* ConversionUnit.swift */ = {isa = PBXFileReference; lastKnownFileType = sourcecode.swift; path = ConversionUnit.swift; sourceTree = "<group>"; };
		ACA093AF2389A51B0035A191 /* ConversionView.swift */ = {isa = PBXFileReference; lastKnownFileType = sourcecode.swift; path = ConversionView.swift; sourceTree = "<group>"; };
		ACA093B22389A5FE0035A191 /* ConversionOption.swift */ = {isa = PBXFileReference; lastKnownFileType = sourcecode.swift; path = ConversionOption.swift; sourceTree = "<group>"; };
		ACA093B42389ABFB0035A191 /* ConversionOptions.swift */ = {isa = PBXFileReference; lastKnownFileType = sourcecode.swift; path = ConversionOptions.swift; sourceTree = "<group>"; };
/* End PBXFileReference section */

/* Begin PBXFrameworksBuildPhase section */
		ACA09393238918420035A191 /* Frameworks */ = {
			isa = PBXFrameworksBuildPhase;
			buildActionMask = 2147483647;
			files = (
			);
			runOnlyForDeploymentPostprocessing = 0;
		};
/* End PBXFrameworksBuildPhase section */

/* Begin PBXGroup section */
		ACA0938D238918420035A191 = {
			isa = PBXGroup;
			children = (
				ACA09398238918420035A191 /* Unit Converter */,
				ACA09397238918420035A191 /* Products */,
			);
			sourceTree = "<group>";
		};
		ACA09397238918420035A191 /* Products */ = {
			isa = PBXGroup;
			children = (
				ACA09396238918420035A191 /* Unit Converter.app */,
			);
			name = Products;
			sourceTree = "<group>";
		};
		ACA09398238918420035A191 /* Unit Converter */ = {
			isa = PBXGroup;
			children = (
				ACA093B12389A5EB0035A191 /* Model */,
				ACA09399238918420035A191 /* AppDelegate.swift */,
				ACA0939B238918420035A191 /* SceneDelegate.swift */,
				ACA0939D238918420035A191 /* ContentView.swift */,
				ACA093AF2389A51B0035A191 /* ConversionView.swift */,
				ACA0939F238918430035A191 /* Assets.xcassets */,
				ACA093A4238918430035A191 /* LaunchScreen.storyboard */,
				ACA093A7238918430035A191 /* Info.plist */,
				ACA093A1238918430035A191 /* Preview Content */,
			);
			path = "Unit Converter";
			sourceTree = "<group>";
		};
		ACA093A1238918430035A191 /* Preview Content */ = {
			isa = PBXGroup;
			children = (
				ACA093A2238918430035A191 /* Preview Assets.xcassets */,
			);
			path = "Preview Content";
			sourceTree = "<group>";
		};
		ACA093B12389A5EB0035A191 /* Model */ = {
			isa = PBXGroup;
			children = (
				ACA093AD2389A0680035A191 /* ConversionUnit.swift */,
				ACA093B22389A5FE0035A191 /* ConversionOption.swift */,
				ACA093B42389ABFB0035A191 /* ConversionOptions.swift */,
			);
			name = Model;
			sourceTree = "<group>";
		};
/* End PBXGroup section */

/* Begin PBXNativeTarget section */
		ACA09395238918420035A191 /* Unit Converter */ = {
			isa = PBXNativeTarget;
			buildConfigurationList = ACA093AA238918430035A191 /* Build configuration list for PBXNativeTarget "Unit Converter" */;
			buildPhases = (
				ACA09392238918420035A191 /* Sources */,
				ACA09393238918420035A191 /* Frameworks */,
				ACA09394238918420035A191 /* Resources */,
			);
			buildRules = (
			);
			dependencies = (
			);
			name = "Unit Converter";
			productName = "Unit Converter";
			productReference = ACA09396238918420035A191 /* Unit Converter.app */;
			productType = "com.apple.product-type.application";
		};
/* End PBXNativeTarget section */

/* Begin PBXProject section */
		ACA0938E238918420035A191 /* Project object */ = {
			isa = PBXProject;
			attributes = {
				LastSwiftUpdateCheck = 1120;
				LastUpgradeCheck = 1120;
				ORGANIZATIONNAME = "Stefan Blos";
				TargetAttributes = {
					ACA09395238918420035A191 = {
						CreatedOnToolsVersion = 11.2.1;
					};
				};
			};
			buildConfigurationList = ACA09391238918420035A191 /* Build configuration list for PBXProject "Unit Converter" */;
			compatibilityVersion = "Xcode 9.3";
			developmentRegion = en;
			hasScannedForEncodings = 0;
			knownRegions = (
				en,
				Base,
			);
			mainGroup = ACA0938D238918420035A191;
			productRefGroup = ACA09397238918420035A191 /* Products */;
			projectDirPath = "";
			projectRoot = "";
			targets = (
				ACA09395238918420035A191 /* Unit Converter */,
			);
		};
/* End PBXProject section */

/* Begin PBXResourcesBuildPhase section */
		ACA09394238918420035A191 /* Resources */ = {
			isa = PBXResourcesBuildPhase;
			buildActionMask = 2147483647;
			files = (
				ACA093A6238918430035A191 /* LaunchScreen.storyboard in Resources */,
				ACA093A3238918430035A191 /* Preview Assets.xcassets in Resources */,
				ACA093A0238918430035A191 /* Assets.xcassets in Resources */,
			);
			runOnlyForDeploymentPostprocessing = 0;
		};
/* End PBXResourcesBuildPhase section */

/* Begin PBXSourcesBuildPhase section */
		ACA09392238918420035A191 /* Sources */ = {
			isa = PBXSourcesBuildPhase;
			buildActionMask = 2147483647;
			files = (
				ACA0939A238918420035A191 /* AppDelegate.swift in Sources */,
				ACA093B52389ABFB0035A191 /* ConversionOptions.swift in Sources */,
				ACA093B02389A51B0035A191 /* ConversionView.swift in Sources */,
				ACA093B32389A5FE0035A191 /* ConversionOption.swift in Sources */,
				ACA093AE2389A0680035A191 /* ConversionUnit.swift in Sources */,
				ACA0939C238918420035A191 /* SceneDelegate.swift in Sources */,
				ACA0939E238918420035A191 /* ContentView.swift in Sources */,
			);
			runOnlyForDeploymentPostprocessing = 0;
		};
/* End PBXSourcesBuildPhase section */

/* Begin PBXVariantGroup section */
		ACA093A4238918430035A191 /* LaunchScreen.storyboard */ = {
			isa = PBXVariantGroup;
			children = (
				ACA093A5238918430035A191 /* Base */,
			);
			name = LaunchScreen.storyboard;
			sourceTree = "<group>";
		};
/* End PBXVariantGroup section */

/* Begin XCBuildConfiguration section */
		ACA093A8238918430035A191 /* Debug */ = {
			isa = XCBuildConfiguration;
			buildSettings = {
				ALWAYS_SEARCH_USER_PATHS = NO;
				CLANG_ANALYZER_NONNULL = YES;
				CLANG_ANALYZER_NUMBER_OBJECT_CONVERSION = YES_AGGRESSIVE;
				CLANG_CXX_LANGUAGE_STANDARD = "gnu++14";
				CLANG_CXX_LIBRARY = "libc++";
				CLANG_ENABLE_MODULES = YES;
				CLANG_ENABLE_OBJC_ARC = YES;
				CLANG_ENABLE_OBJC_WEAK = YES;
				CLANG_WARN_BLOCK_CAPTURE_AUTORELEASING = YES;
				CLANG_WARN_BOOL_CONVERSION = YES;
				CLANG_WARN_COMMA = YES;
				CLANG_WARN_CONSTANT_CONVERSION = YES;
				CLANG_WARN_DEPRECATED_OBJC_IMPLEMENTATIONS = YES;
				CLANG_WARN_DIRECT_OBJC_ISA_USAGE = YES_ERROR;
				CLANG_WARN_DOCUMENTATION_COMMENTS = YES;
				CLANG_WARN_EMPTY_BODY = YES;
				CLANG_WARN_ENUM_CONVERSION = YES;
				CLANG_WARN_INFINITE_RECURSION = YES;
				CLANG_WARN_INT_CONVERSION = YES;
				CLANG_WARN_NON_LITERAL_NULL_CONVERSION = YES;
				CLANG_WARN_OBJC_IMPLICIT_RETAIN_SELF = YES;
				CLANG_WARN_OBJC_LITERAL_CONVERSION = YES;
				CLANG_WARN_OBJC_ROOT_CLASS = YES_ERROR;
				CLANG_WARN_RANGE_LOOP_ANALYSIS = YES;
				CLANG_WARN_STRICT_PROTOTYPES = YES;
				CLANG_WARN_SUSPICIOUS_MOVE = YES;
				CLANG_WARN_UNGUARDED_AVAILABILITY = YES_AGGRESSIVE;
				CLANG_WARN_UNREACHABLE_CODE = YES;
				CLANG_WARN__DUPLICATE_METHOD_MATCH = YES;
				COPY_PHASE_STRIP = NO;
				DEBUG_INFORMATION_FORMAT = dwarf;
				ENABLE_STRICT_OBJC_MSGSEND = YES;
				ENABLE_TESTABILITY = YES;
				GCC_C_LANGUAGE_STANDARD = gnu11;
				GCC_DYNAMIC_NO_PIC = NO;
				GCC_NO_COMMON_BLOCKS = YES;
				GCC_OPTIMIZATION_LEVEL = 0;
				GCC_PREPROCESSOR_DEFINITIONS = (
					"DEBUG=1",
					"$(inherited)",
				);
				GCC_WARN_64_TO_32_BIT_CONVERSION = YES;
				GCC_WARN_ABOUT_RETURN_TYPE = YES_ERROR;
				GCC_WARN_UNDECLARED_SELECTOR = YES;
				GCC_WARN_UNINITIALIZED_AUTOS = YES_AGGRESSIVE;
				GCC_WARN_UNUSED_FUNCTION = YES;
				GCC_WARN_UNUSED_VARIABLE = YES;
				IPHONEOS_DEPLOYMENT_TARGET = 13.2;
				MTL_ENABLE_DEBUG_INFO = INCLUDE_SOURCE;
				MTL_FAST_MATH = YES;
				ONLY_ACTIVE_ARCH = YES;
				SDKROOT = iphoneos;
				SWIFT_ACTIVE_COMPILATION_CONDITIONS = DEBUG;
				SWIFT_OPTIMIZATION_LEVEL = "-Onone";
			};
			name = Debug;
		};
		ACA093A9238918430035A191 /* Release */ = {
			isa = XCBuildConfiguration;
			buildSettings = {
				ALWAYS_SEARCH_USER_PATHS = NO;
				CLANG_ANALYZER_NONNULL = YES;
				CLANG_ANALYZER_NUMBER_OBJECT_CONVERSION = YES_AGGRESSIVE;
				CLANG_CXX_LANGUAGE_STANDARD = "gnu++14";
				CLANG_CXX_LIBRARY = "libc++";
				CLANG_ENABLE_MODULES = YES;
				CLANG_ENABLE_OBJC_ARC = YES;
				CLANG_ENABLE_OBJC_WEAK = YES;
				CLANG_WARN_BLOCK_CAPTURE_AUTORELEASING = YES;
				CLANG_WARN_BOOL_CONVERSION = YES;
				CLANG_WARN_COMMA = YES;
				CLANG_WARN_CONSTANT_CONVERSION = YES;
				CLANG_WARN_DEPRECATED_OBJC_IMPLEMENTATIONS = YES;
				CLANG_WARN_DIRECT_OBJC_ISA_USAGE = YES_ERROR;
				CLANG_WARN_DOCUMENTATION_COMMENTS = YES;
				CLANG_WARN_EMPTY_BODY = YES;
				CLANG_WARN_ENUM_CONVERSION = YES;
				CLANG_WARN_INFINITE_RECURSION = YES;
				CLANG_WARN_INT_CONVERSION = YES;
				CLANG_WARN_NON_LITERAL_NULL_CONVERSION = YES;
				CLANG_WARN_OBJC_IMPLICIT_RETAIN_SELF = YES;
				CLANG_WARN_OBJC_LITERAL_CONVERSION = YES;
				CLANG_WARN_OBJC_ROOT_CLASS = YES_ERROR;
				CLANG_WARN_RANGE_LOOP_ANALYSIS = YES;
				CLANG_WARN_STRICT_PROTOTYPES = YES;
				CLANG_WARN_SUSPICIOUS_MOVE = YES;
				CLANG_WARN_UNGUARDED_AVAILABILITY = YES_AGGRESSIVE;
				CLANG_WARN_UNREACHABLE_CODE = YES;
				CLANG_WARN__DUPLICATE_METHOD_MATCH = YES;
				COPY_PHASE_STRIP = NO;
				DEBUG_INFORMATION_FORMAT = "dwarf-with-dsym";
				ENABLE_NS_ASSERTIONS = NO;
				ENABLE_STRICT_OBJC_MSGSEND = YES;
				GCC_C_LANGUAGE_STANDARD = gnu11;
				GCC_NO_COMMON_BLOCKS = YES;
				GCC_WARN_64_TO_32_BIT_CONVERSION = YES;
				GCC_WARN_ABOUT_RETURN_TYPE = YES_ERROR;
				GCC_WARN_UNDECLARED_SELECTOR = YES;
				GCC_WARN_UNINITIALIZED_AUTOS = YES_AGGRESSIVE;
				GCC_WARN_UNUSED_FUNCTION = YES;
				GCC_WARN_UNUSED_VARIABLE = YES;
				IPHONEOS_DEPLOYMENT_TARGET = 13.2;
				MTL_ENABLE_DEBUG_INFO = NO;
				MTL_FAST_MATH = YES;
				SDKROOT = iphoneos;
				SWIFT_COMPILATION_MODE = wholemodule;
				SWIFT_OPTIMIZATION_LEVEL = "-O";
				VALIDATE_PRODUCT = YES;
			};
			name = Release;
		};
		ACA093AB238918430035A191 /* Debug */ = {
			isa = XCBuildConfiguration;
			buildSettings = {
				ASSETCATALOG_COMPILER_APPICON_NAME = AppIcon;
				CODE_SIGN_STYLE = Automatic;
				DEVELOPMENT_ASSET_PATHS = "\"Unit Converter/Preview Content\"";
				DEVELOPMENT_TEAM = JY49624W8T;
				ENABLE_PREVIEWS = YES;
				INFOPLIST_FILE = "Unit Converter/Info.plist";
				LD_RUNPATH_SEARCH_PATHS = (
					"$(inherited)",
					"@executable_path/Frameworks",
				);
				PRODUCT_BUNDLE_IDENTIFIER = "com.stefanblos.Unit-Converter";
				PRODUCT_NAME = "$(TARGET_NAME)";
				SWIFT_VERSION = 5.0;
				TARGETED_DEVICE_FAMILY = "1,2";
			};
			name = Debug;
		};
		ACA093AC238918430035A191 /* Release */ = {
			isa = XCBuildConfiguration;
			buildSettings = {
				ASSETCATALOG_COMPILER_APPICON_NAME = AppIcon;
				CODE_SIGN_STYLE = Automatic;
				DEVELOPMENT_ASSET_PATHS = "\"Unit Converter/Preview Content\"";
				DEVELOPMENT_TEAM = JY49624W8T;
				ENABLE_PREVIEWS = YES;
				INFOPLIST_FILE = "Unit Converter/Info.plist";
				LD_RUNPATH_SEARCH_PATHS = (
					"$(inherited)",
					"@executable_path/Frameworks",
				);
				PRODUCT_BUNDLE_IDENTIFIER = "com.stefanblos.Unit-Converter";
				PRODUCT_NAME = "$(TARGET_NAME)";
				SWIFT_VERSION = 5.0;
				TARGETED_DEVICE_FAMILY = "1,2";
			};
			name = Release;
		};
/* End XCBuildConfiguration section */

/* Begin XCConfigurationList section */
		ACA09391238918420035A191 /* Build configuration list for PBXProject "Unit Converter" */ = {
			isa = XCConfigurationList;
			buildConfigurations = (
				ACA093A8238918430035A191 /* Debug */,
				ACA093A9238918430035A191 /* Release */,
			);
			defaultConfigurationIsVisible = 0;
			defaultConfigurationName = Release;
		};
		ACA093AA238918430035A191 /* Build configuration list for PBXNativeTarget "Unit Converter" */ = {
			isa = XCConfigurationList;
			buildConfigurations = (
				ACA093AB238918430035A191 /* Debug */,
				ACA093AC238918430035A191 /* Release */,
			);
			defaultConfigurationIsVisible = 0;
			defaultConfigurationName = Release;
		};
/* End XCConfigurationList section */
	};
	rootObject = ACA0938E238918420035A191 /* Project object */;
}
