// !$*UTF8*$!
{
	archiveVersion = 1;
	classes = {
	};
	objectVersion = 50;
	objects = {

/* Begin PBXBuildFile section */
		AC7AF7D12420393B009F36C4 /* UserInfoRowView.swift in Sources */ = {isa = PBXBuildFile; fileRef = AC7AF7D02420393B009F36C4 /* UserInfoRowView.swift */; };
		AC7AF7D6242A9708009F36C4 /* ModelUser+CoreDataClass.swift in Sources */ = {isa = PBXBuildFile; fileRef = AC7AF7D2242A9708009F36C4 /* ModelUser+CoreDataClass.swift */; };
		AC7AF7D7242A9708009F36C4 /* ModelUser+CoreDataProperties.swift in Sources */ = {isa = PBXBuildFile; fileRef = AC7AF7D3242A9708009F36C4 /* ModelUser+CoreDataProperties.swift */; };
		AC7AF7D8242A9708009F36C4 /* ModelFriend+CoreDataClass.swift in Sources */ = {isa = PBXBuildFile; fileRef = AC7AF7D4242A9708009F36C4 /* ModelFriend+CoreDataClass.swift */; };
		AC7AF7D9242A9708009F36C4 /* ModelFriend+CoreDataProperties.swift in Sources */ = {isa = PBXBuildFile; fileRef = AC7AF7D5242A9708009F36C4 /* ModelFriend+CoreDataProperties.swift */; };
		ACA093EA24183FED004DCCA7 /* AppDelegate.swift in Sources */ = {isa = PBXBuildFile; fileRef = ACA093E924183FED004DCCA7 /* AppDelegate.swift */; };
		ACA093EC24183FED004DCCA7 /* SceneDelegate.swift in Sources */ = {isa = PBXBuildFile; fileRef = ACA093EB24183FED004DCCA7 /* SceneDelegate.swift */; };
		ACA093EF24183FED004DCCA7 /* FriendFace.xcdatamodeld in Sources */ = {isa = PBXBuildFile; fileRef = ACA093ED24183FED004DCCA7 /* FriendFace.xcdatamodeld */; };
		ACA093F124183FED004DCCA7 /* ContentView.swift in Sources */ = {isa = PBXBuildFile; fileRef = ACA093F024183FED004DCCA7 /* ContentView.swift */; };
		ACA093F324183FEF004DCCA7 /* Assets.xcassets in Resources */ = {isa = PBXBuildFile; fileRef = ACA093F224183FEF004DCCA7 /* Assets.xcassets */; };
		ACA093F624183FEF004DCCA7 /* Preview Assets.xcassets in Resources */ = {isa = PBXBuildFile; fileRef = ACA093F524183FEF004DCCA7 /* Preview Assets.xcassets */; };
		ACA093F924183FEF004DCCA7 /* LaunchScreen.storyboard in Resources */ = {isa = PBXBuildFile; fileRef = ACA093F724183FEF004DCCA7 /* LaunchScreen.storyboard */; };
		ACA094012418401C004DCCA7 /* User.swift in Sources */ = {isa = PBXBuildFile; fileRef = ACA094002418401C004DCCA7 /* User.swift */; };
		ACA0940324184088004DCCA7 /* Friend.swift in Sources */ = {isa = PBXBuildFile; fileRef = ACA0940224184088004DCCA7 /* Friend.swift */; };
		ACA09405241842BF004DCCA7 /* UserView.swift in Sources */ = {isa = PBXBuildFile; fileRef = ACA09404241842BF004DCCA7 /* UserView.swift */; };
/* End PBXBuildFile section */

/* Begin PBXFileReference section */
		AC7AF7D02420393B009F36C4 /* UserInfoRowView.swift */ = {isa = PBXFileReference; lastKnownFileType = sourcecode.swift; path = UserInfoRowView.swift; sourceTree = "<group>"; };
		AC7AF7D2242A9708009F36C4 /* ModelUser+CoreDataClass.swift */ = {isa = PBXFileReference; lastKnownFileType = sourcecode.swift; path = "ModelUser+CoreDataClass.swift"; sourceTree = SOURCE_ROOT; };
		AC7AF7D3242A9708009F36C4 /* ModelUser+CoreDataProperties.swift */ = {isa = PBXFileReference; lastKnownFileType = sourcecode.swift; path = "ModelUser+CoreDataProperties.swift"; sourceTree = SOURCE_ROOT; };
		AC7AF7D4242A9708009F36C4 /* ModelFriend+CoreDataClass.swift */ = {isa = PBXFileReference; lastKnownFileType = sourcecode.swift; path = "ModelFriend+CoreDataClass.swift"; sourceTree = SOURCE_ROOT; };
		AC7AF7D5242A9708009F36C4 /* ModelFriend+CoreDataProperties.swift */ = {isa = PBXFileReference; lastKnownFileType = sourcecode.swift; path = "ModelFriend+CoreDataProperties.swift"; sourceTree = SOURCE_ROOT; };
		ACA093E624183FED004DCCA7 /* FriendFace.app */ = {isa = PBXFileReference; explicitFileType = wrapper.application; includeInIndex = 0; path = FriendFace.app; sourceTree = BUILT_PRODUCTS_DIR; };
		ACA093E924183FED004DCCA7 /* AppDelegate.swift */ = {isa = PBXFileReference; lastKnownFileType = sourcecode.swift; path = AppDelegate.swift; sourceTree = "<group>"; };
		ACA093EB24183FED004DCCA7 /* SceneDelegate.swift */ = {isa = PBXFileReference; lastKnownFileType = sourcecode.swift; path = SceneDelegate.swift; sourceTree = "<group>"; };
		ACA093EE24183FED004DCCA7 /* FriendFace.xcdatamodel */ = {isa = PBXFileReference; lastKnownFileType = wrapper.xcdatamodel; path = FriendFace.xcdatamodel; sourceTree = "<group>"; };
		ACA093F024183FED004DCCA7 /* ContentView.swift */ = {isa = PBXFileReference; lastKnownFileType = sourcecode.swift; path = ContentView.swift; sourceTree = "<group>"; };
		ACA093F224183FEF004DCCA7 /* Assets.xcassets */ = {isa = PBXFileReference; lastKnownFileType = folder.assetcatalog; path = Assets.xcassets; sourceTree = "<group>"; };
		ACA093F524183FEF004DCCA7 /* Preview Assets.xcassets */ = {isa = PBXFileReference; lastKnownFileType = folder.assetcatalog; path = "Preview Assets.xcassets"; sourceTree = "<group>"; };
		ACA093F824183FEF004DCCA7 /* Base */ = {isa = PBXFileReference; lastKnownFileType = file.storyboard; name = Base; path = Base.lproj/LaunchScreen.storyboard; sourceTree = "<group>"; };
		ACA093FA24183FEF004DCCA7 /* Info.plist */ = {isa = PBXFileReference; lastKnownFileType = text.plist.xml; path = Info.plist; sourceTree = "<group>"; };
		ACA094002418401C004DCCA7 /* User.swift */ = {isa = PBXFileReference; lastKnownFileType = sourcecode.swift; path = User.swift; sourceTree = "<group>"; };
		ACA0940224184088004DCCA7 /* Friend.swift */ = {isa = PBXFileReference; lastKnownFileType = sourcecode.swift; path = Friend.swift; sourceTree = "<group>"; };
		ACA09404241842BF004DCCA7 /* UserView.swift */ = {isa = PBXFileReference; lastKnownFileType = sourcecode.swift; path = UserView.swift; sourceTree = "<group>"; };
/* End PBXFileReference section */

/* Begin PBXFrameworksBuildPhase section */
		ACA093E324183FED004DCCA7 /* Frameworks */ = {
			isa = PBXFrameworksBuildPhase;
			buildActionMask = 2147483647;
			files = (
			);
			runOnlyForDeploymentPostprocessing = 0;
		};
/* End PBXFrameworksBuildPhase section */

/* Begin PBXGroup section */
		ACA093DD24183FED004DCCA7 = {
			isa = PBXGroup;
			children = (
				ACA093E824183FED004DCCA7 /* FriendFace */,
				ACA093E724183FED004DCCA7 /* Products */,
			);
			sourceTree = "<group>";
		};
		ACA093E724183FED004DCCA7 /* Products */ = {
			isa = PBXGroup;
			children = (
				ACA093E624183FED004DCCA7 /* FriendFace.app */,
			);
			name = Products;
			sourceTree = "<group>";
		};
		ACA093E824183FED004DCCA7 /* FriendFace */ = {
			isa = PBXGroup;
			children = (
				AC7AF7D2242A9708009F36C4 /* ModelUser+CoreDataClass.swift */,
				AC7AF7D3242A9708009F36C4 /* ModelUser+CoreDataProperties.swift */,
				AC7AF7D4242A9708009F36C4 /* ModelFriend+CoreDataClass.swift */,
				AC7AF7D5242A9708009F36C4 /* ModelFriend+CoreDataProperties.swift */,
				ACA093E924183FED004DCCA7 /* AppDelegate.swift */,
				ACA093EB24183FED004DCCA7 /* SceneDelegate.swift */,
				ACA093F024183FED004DCCA7 /* ContentView.swift */,
				ACA09404241842BF004DCCA7 /* UserView.swift */,
				AC7AF7D02420393B009F36C4 /* UserInfoRowView.swift */,
				ACA094002418401C004DCCA7 /* User.swift */,
				ACA0940224184088004DCCA7 /* Friend.swift */,
				ACA093F224183FEF004DCCA7 /* Assets.xcassets */,
				ACA093F724183FEF004DCCA7 /* LaunchScreen.storyboard */,
				ACA093FA24183FEF004DCCA7 /* Info.plist */,
				ACA093ED24183FED004DCCA7 /* FriendFace.xcdatamodeld */,
				ACA093F424183FEF004DCCA7 /* Preview Content */,
			);
			path = FriendFace;
			sourceTree = "<group>";
		};
		ACA093F424183FEF004DCCA7 /* Preview Content */ = {
			isa = PBXGroup;
			children = (
				ACA093F524183FEF004DCCA7 /* Preview Assets.xcassets */,
			);
			path = "Preview Content";
			sourceTree = "<group>";
		};
/* End PBXGroup section */

/* Begin PBXNativeTarget section */
		ACA093E524183FED004DCCA7 /* FriendFace */ = {
			isa = PBXNativeTarget;
			buildConfigurationList = ACA093FD24183FEF004DCCA7 /* Build configuration list for PBXNativeTarget "FriendFace" */;
			buildPhases = (
				ACA093E224183FED004DCCA7 /* Sources */,
				ACA093E324183FED004DCCA7 /* Frameworks */,
				ACA093E424183FED004DCCA7 /* Resources */,
			);
			buildRules = (
			);
			dependencies = (
			);
			name = FriendFace;
			productName = FriendFace;
			productReference = ACA093E624183FED004DCCA7 /* FriendFace.app */;
			productType = "com.apple.product-type.application";
		};
/* End PBXNativeTarget section */

/* Begin PBXProject section */
		ACA093DE24183FED004DCCA7 /* Project object */ = {
			isa = PBXProject;
			attributes = {
				LastSwiftUpdateCheck = 1130;
				LastUpgradeCheck = 1130;
				ORGANIZATIONNAME = "Stefan Blos";
				TargetAttributes = {
					ACA093E524183FED004DCCA7 = {
						CreatedOnToolsVersion = 11.3.1;
					};
				};
			};
			buildConfigurationList = ACA093E124183FED004DCCA7 /* Build configuration list for PBXProject "FriendFace" */;
			compatibilityVersion = "Xcode 9.3";
			developmentRegion = en;
			hasScannedForEncodings = 0;
			knownRegions = (
				en,
				Base,
			);
			mainGroup = ACA093DD24183FED004DCCA7;
			productRefGroup = ACA093E724183FED004DCCA7 /* Products */;
			projectDirPath = "";
			projectRoot = "";
			targets = (
				ACA093E524183FED004DCCA7 /* FriendFace */,
			);
		};
/* End PBXProject section */

/* Begin PBXResourcesBuildPhase section */
		ACA093E424183FED004DCCA7 /* Resources */ = {
			isa = PBXResourcesBuildPhase;
			buildActionMask = 2147483647;
			files = (
				ACA093F924183FEF004DCCA7 /* LaunchScreen.storyboard in Resources */,
				ACA093F624183FEF004DCCA7 /* Preview Assets.xcassets in Resources */,
				ACA093F324183FEF004DCCA7 /* Assets.xcassets in Resources */,
			);
			runOnlyForDeploymentPostprocessing = 0;
		};
/* End PBXResourcesBuildPhase section */

/* Begin PBXSourcesBuildPhase section */
		ACA093E224183FED004DCCA7 /* Sources */ = {
			isa = PBXSourcesBuildPhase;
			buildActionMask = 2147483647;
			files = (
				ACA093EF24183FED004DCCA7 /* FriendFace.xcdatamodeld in Sources */,
				AC7AF7D6242A9708009F36C4 /* ModelUser+CoreDataClass.swift in Sources */,
				ACA093EA24183FED004DCCA7 /* AppDelegate.swift in Sources */,
				ACA093F124183FED004DCCA7 /* ContentView.swift in Sources */,
				AC7AF7D8242A9708009F36C4 /* ModelFriend+CoreDataClass.swift in Sources */,
				ACA0940324184088004DCCA7 /* Friend.swift in Sources */,
				ACA094012418401C004DCCA7 /* User.swift in Sources */,
				AC7AF7D9242A9708009F36C4 /* ModelFriend+CoreDataProperties.swift in Sources */,
				AC7AF7D7242A9708009F36C4 /* ModelUser+CoreDataProperties.swift in Sources */,
				ACA093EC24183FED004DCCA7 /* SceneDelegate.swift in Sources */,
				AC7AF7D12420393B009F36C4 /* UserInfoRowView.swift in Sources */,
				ACA09405241842BF004DCCA7 /* UserView.swift in Sources */,
			);
			runOnlyForDeploymentPostprocessing = 0;
		};
/* End PBXSourcesBuildPhase section */

/* Begin PBXVariantGroup section */
		ACA093F724183FEF004DCCA7 /* LaunchScreen.storyboard */ = {
			isa = PBXVariantGroup;
			children = (
				ACA093F824183FEF004DCCA7 /* Base */,
			);
			name = LaunchScreen.storyboard;
			sourceTree = "<group>";
		};
/* End PBXVariantGroup section */

/* Begin XCBuildConfiguration section */
		ACA093FB24183FEF004DCCA7 /* Debug */ = {
			isa = XCBuildConfiguration;
			buildSettings = {
				ALWAYS_SEARCH_USER_PATHS = NO;
				CLANG_ANALYZER_NONNULL = YES;
				CLANG_ANALYZER_NUMBER_OBJECT_CONVERSION = YES_AGGRESSIVE;
				CLANG_CXX_LANGUAGE_STANDARD = "gnu++14";
				CLANG_CXX_LIBRARY = "libc++";
				CLANG_ENABLE_MODULES = YES;
				CLANG_ENABLE_OBJC_ARC = YES;
				CLANG_ENABLE_OBJC_WEAK = YES;
				CLANG_WARN_BLOCK_CAPTURE_AUTORELEASING = YES;
				CLANG_WARN_BOOL_CONVERSION = YES;
				CLANG_WARN_COMMA = YES;
				CLANG_WARN_CONSTANT_CONVERSION = YES;
				CLANG_WARN_DEPRECATED_OBJC_IMPLEMENTATIONS = YES;
				CLANG_WARN_DIRECT_OBJC_ISA_USAGE = YES_ERROR;
				CLANG_WARN_DOCUMENTATION_COMMENTS = YES;
				CLANG_WARN_EMPTY_BODY = YES;
				CLANG_WARN_ENUM_CONVERSION = YES;
				CLANG_WARN_INFINITE_RECURSION = YES;
				CLANG_WARN_INT_CONVERSION = YES;
				CLANG_WARN_NON_LITERAL_NULL_CONVERSION = YES;
				CLANG_WARN_OBJC_IMPLICIT_RETAIN_SELF = YES;
				CLANG_WARN_OBJC_LITERAL_CONVERSION = YES;
				CLANG_WARN_OBJC_ROOT_CLASS = YES_ERROR;
				CLANG_WARN_RANGE_LOOP_ANALYSIS = YES;
				CLANG_WARN_STRICT_PROTOTYPES = YES;
				CLANG_WARN_SUSPICIOUS_MOVE = YES;
				CLANG_WARN_UNGUARDED_AVAILABILITY = YES_AGGRESSIVE;
				CLANG_WARN_UNREACHABLE_CODE = YES;
				CLANG_WARN__DUPLICATE_METHOD_MATCH = YES;
				COPY_PHASE_STRIP = NO;
				DEBUG_INFORMATION_FORMAT = dwarf;
				ENABLE_STRICT_OBJC_MSGSEND = YES;
				ENABLE_TESTABILITY = YES;
				GCC_C_LANGUAGE_STANDARD = gnu11;
				GCC_DYNAMIC_NO_PIC = NO;
				GCC_NO_COMMON_BLOCKS = YES;
				GCC_OPTIMIZATION_LEVEL = 0;
				GCC_PREPROCESSOR_DEFINITIONS = (
					"DEBUG=1",
					"$(inherited)",
				);
				GCC_WARN_64_TO_32_BIT_CONVERSION = YES;
				GCC_WARN_ABOUT_RETURN_TYPE = YES_ERROR;
				GCC_WARN_UNDECLARED_SELECTOR = YES;
				GCC_WARN_UNINITIALIZED_AUTOS = YES_AGGRESSIVE;
				GCC_WARN_UNUSED_FUNCTION = YES;
				GCC_WARN_UNUSED_VARIABLE = YES;
				IPHONEOS_DEPLOYMENT_TARGET = 13.2;
				MTL_ENABLE_DEBUG_INFO = INCLUDE_SOURCE;
				MTL_FAST_MATH = YES;
				ONLY_ACTIVE_ARCH = YES;
				SDKROOT = iphoneos;
				SWIFT_ACTIVE_COMPILATION_CONDITIONS = DEBUG;
				SWIFT_OPTIMIZATION_LEVEL = "-Onone";
			};
			name = Debug;
		};
		ACA093FC24183FEF004DCCA7 /* Release */ = {
			isa = XCBuildConfiguration;
			buildSettings = {
				ALWAYS_SEARCH_USER_PATHS = NO;
				CLANG_ANALYZER_NONNULL = YES;
				CLANG_ANALYZER_NUMBER_OBJECT_CONVERSION = YES_AGGRESSIVE;
				CLANG_CXX_LANGUAGE_STANDARD = "gnu++14";
				CLANG_CXX_LIBRARY = "libc++";
				CLANG_ENABLE_MODULES = YES;
				CLANG_ENABLE_OBJC_ARC = YES;
				CLANG_ENABLE_OBJC_WEAK = YES;
				CLANG_WARN_BLOCK_CAPTURE_AUTORELEASING = YES;
				CLANG_WARN_BOOL_CONVERSION = YES;
				CLANG_WARN_COMMA = YES;
				CLANG_WARN_CONSTANT_CONVERSION = YES;
				CLANG_WARN_DEPRECATED_OBJC_IMPLEMENTATIONS = YES;
				CLANG_WARN_DIRECT_OBJC_ISA_USAGE = YES_ERROR;
				CLANG_WARN_DOCUMENTATION_COMMENTS = YES;
				CLANG_WARN_EMPTY_BODY = YES;
				CLANG_WARN_ENUM_CONVERSION = YES;
				CLANG_WARN_INFINITE_RECURSION = YES;
				CLANG_WARN_INT_CONVERSION = YES;
				CLANG_WARN_NON_LITERAL_NULL_CONVERSION = YES;
				CLANG_WARN_OBJC_IMPLICIT_RETAIN_SELF = YES;
				CLANG_WARN_OBJC_LITERAL_CONVERSION = YES;
				CLANG_WARN_OBJC_ROOT_CLASS = YES_ERROR;
				CLANG_WARN_RANGE_LOOP_ANALYSIS = YES;
				CLANG_WARN_STRICT_PROTOTYPES = YES;
				CLANG_WARN_SUSPICIOUS_MOVE = YES;
				CLANG_WARN_UNGUARDED_AVAILABILITY = YES_AGGRESSIVE;
				CLANG_WARN_UNREACHABLE_CODE = YES;
				CLANG_WARN__DUPLICATE_METHOD_MATCH = YES;
				COPY_PHASE_STRIP = NO;
				DEBUG_INFORMATION_FORMAT = "dwarf-with-dsym";
				ENABLE_NS_ASSERTIONS = NO;
				ENABLE_STRICT_OBJC_MSGSEND = YES;
				GCC_C_LANGUAGE_STANDARD = gnu11;
				GCC_NO_COMMON_BLOCKS = YES;
				GCC_WARN_64_TO_32_BIT_CONVERSION = YES;
				GCC_WARN_ABOUT_RETURN_TYPE = YES_ERROR;
				GCC_WARN_UNDECLARED_SELECTOR = YES;
				GCC_WARN_UNINITIALIZED_AUTOS = YES_AGGRESSIVE;
				GCC_WARN_UNUSED_FUNCTION = YES;
				GCC_WARN_UNUSED_VARIABLE = YES;
				IPHONEOS_DEPLOYMENT_TARGET = 13.2;
				MTL_ENABLE_DEBUG_INFO = NO;
				MTL_FAST_MATH = YES;
				SDKROOT = iphoneos;
				SWIFT_COMPILATION_MODE = wholemodule;
				SWIFT_OPTIMIZATION_LEVEL = "-O";
				VALIDATE_PRODUCT = YES;
			};
			name = Release;
		};
		ACA093FE24183FEF004DCCA7 /* Debug */ = {
			isa = XCBuildConfiguration;
			buildSettings = {
				ASSETCATALOG_COMPILER_APPICON_NAME = AppIcon;
				CODE_SIGN_STYLE = Automatic;
				DEVELOPMENT_ASSET_PATHS = "\"FriendFace/Preview Content\"";
				DEVELOPMENT_TEAM = JY49624W8T;
				ENABLE_PREVIEWS = YES;
				INFOPLIST_FILE = FriendFace/Info.plist;
				LD_RUNPATH_SEARCH_PATHS = (
					"$(inherited)",
					"@executable_path/Frameworks",
				);
				PRODUCT_BUNDLE_IDENTIFIER = com.stefanblos.FriendFace;
				PRODUCT_NAME = "$(TARGET_NAME)";
				SWIFT_VERSION = 5.0;
				TARGETED_DEVICE_FAMILY = "1,2";
			};
			name = Debug;
		};
		ACA093FF24183FEF004DCCA7 /* Release */ = {
			isa = XCBuildConfiguration;
			buildSettings = {
				ASSETCATALOG_COMPILER_APPICON_NAME = AppIcon;
				CODE_SIGN_STYLE = Automatic;
				DEVELOPMENT_ASSET_PATHS = "\"FriendFace/Preview Content\"";
				DEVELOPMENT_TEAM = JY49624W8T;
				ENABLE_PREVIEWS = YES;
				INFOPLIST_FILE = FriendFace/Info.plist;
				LD_RUNPATH_SEARCH_PATHS = (
					"$(inherited)",
					"@executable_path/Frameworks",
				);
				PRODUCT_BUNDLE_IDENTIFIER = com.stefanblos.FriendFace;
				PRODUCT_NAME = "$(TARGET_NAME)";
				SWIFT_VERSION = 5.0;
				TARGETED_DEVICE_FAMILY = "1,2";
			};
			name = Release;
		};
/* End XCBuildConfiguration section */

/* Begin XCConfigurationList section */
		ACA093E124183FED004DCCA7 /* Build configuration list for PBXProject "FriendFace" */ = {
			isa = XCConfigurationList;
			buildConfigurations = (
				ACA093FB24183FEF004DCCA7 /* Debug */,
				ACA093FC24183FEF004DCCA7 /* Release */,
			);
			defaultConfigurationIsVisible = 0;
			defaultConfigurationName = Release;
		};
		ACA093FD24183FEF004DCCA7 /* Build configuration list for PBXNativeTarget "FriendFace" */ = {
			isa = XCConfigurationList;
			buildConfigurations = (
				ACA093FE24183FEF004DCCA7 /* Debug */,
				ACA093FF24183FEF004DCCA7 /* Release */,
			);
			defaultConfigurationIsVisible = 0;
			defaultConfigurationName = Release;
		};
/* End XCConfigurationList section */

/* Begin XCVersionGroup section */
		ACA093ED24183FED004DCCA7 /* FriendFace.xcdatamodeld */ = {
			isa = XCVersionGroup;
			children = (
				ACA093EE24183FED004DCCA7 /* FriendFace.xcdatamodel */,
			);
			currentVersion = ACA093EE24183FED004DCCA7 /* FriendFace.xcdatamodel */;
			path = FriendFace.xcdatamodeld;
			sourceTree = "<group>";
			versionGroupType = wrapper.xcdatamodel;
		};
/* End XCVersionGroup section */
	};
	rootObject = ACA093DE24183FED004DCCA7 /* Project object */;
}
