// !$*UTF8*$!
{
	archiveVersion = 1;
	classes = {
	};
	objectVersion = 50;
	objects = {

/* Begin PBXBuildFile section */
		ACE7AE9223A262C10012E2AC /* AppDelegate.swift in Sources */ = {isa = PBXBuildFile; fileRef = ACE7AE9123A262C10012E2AC /* AppDelegate.swift */; };
		ACE7AE9423A262C10012E2AC /* SceneDelegate.swift in Sources */ = {isa = PBXBuildFile; fileRef = ACE7AE9323A262C10012E2AC /* SceneDelegate.swift */; };
		ACE7AE9623A262C10012E2AC /* ContentView.swift in Sources */ = {isa = PBXBuildFile; fileRef = ACE7AE9523A262C10012E2AC /* ContentView.swift */; };
		ACE7AE9823A262C60012E2AC /* Assets.xcassets in Resources */ = {isa = PBXBuildFile; fileRef = ACE7AE9723A262C60012E2AC /* Assets.xcassets */; };
		ACE7AE9B23A262C60012E2AC /* Preview Assets.xcassets in Resources */ = {isa = PBXBuildFile; fileRef = ACE7AE9A23A262C60012E2AC /* Preview Assets.xcassets */; };
		ACE7AE9E23A262C60012E2AC /* LaunchScreen.storyboard in Resources */ = {isa = PBXBuildFile; fileRef = ACE7AE9C23A262C60012E2AC /* LaunchScreen.storyboard */; };
		ACE7AEC623A3BD7C0012E2AC /* TriangleView.swift in Sources */ = {isa = PBXBuildFile; fileRef = ACE7AEC523A3BD7C0012E2AC /* TriangleView.swift */; };
		ACE7AEC823A3BE4C0012E2AC /* ArcView.swift in Sources */ = {isa = PBXBuildFile; fileRef = ACE7AEC723A3BE4C0012E2AC /* ArcView.swift */; };
		ACE7AECA23A3C41F0012E2AC /* FlowerView.swift in Sources */ = {isa = PBXBuildFile; fileRef = ACE7AEC923A3C41F0012E2AC /* FlowerView.swift */; };
		ACE7AECC23A3CA730012E2AC /* ImageFrameView.swift in Sources */ = {isa = PBXBuildFile; fileRef = ACE7AECB23A3CA730012E2AC /* ImageFrameView.swift */; };
		ACE7AECE23A3CDA50012E2AC /* ColorCyclingCircle.swift in Sources */ = {isa = PBXBuildFile; fileRef = ACE7AECD23A3CDA50012E2AC /* ColorCyclingCircle.swift */; };
		ACE7AED023A3CF610012E2AC /* ColorCircleView.swift in Sources */ = {isa = PBXBuildFile; fileRef = ACE7AECF23A3CF610012E2AC /* ColorCircleView.swift */; };
		ACE7AED623A573C40012E2AC /* SpecialEffectsView.swift in Sources */ = {isa = PBXBuildFile; fileRef = ACE7AED523A573C40012E2AC /* SpecialEffectsView.swift */; };
		ACE7AED823A577690012E2AC /* BlurSaturationView.swift in Sources */ = {isa = PBXBuildFile; fileRef = ACE7AED723A577690012E2AC /* BlurSaturationView.swift */; };
/* End PBXBuildFile section */

/* Begin PBXFileReference section */
		ACE7AE8E23A262C10012E2AC /* Drawing.app */ = {isa = PBXFileReference; explicitFileType = wrapper.application; includeInIndex = 0; path = Drawing.app; sourceTree = BUILT_PRODUCTS_DIR; };
		ACE7AE9123A262C10012E2AC /* AppDelegate.swift */ = {isa = PBXFileReference; lastKnownFileType = sourcecode.swift; path = AppDelegate.swift; sourceTree = "<group>"; };
		ACE7AE9323A262C10012E2AC /* SceneDelegate.swift */ = {isa = PBXFileReference; lastKnownFileType = sourcecode.swift; path = SceneDelegate.swift; sourceTree = "<group>"; };
		ACE7AE9523A262C10012E2AC /* ContentView.swift */ = {isa = PBXFileReference; lastKnownFileType = sourcecode.swift; path = ContentView.swift; sourceTree = "<group>"; };
		ACE7AE9723A262C60012E2AC /* Assets.xcassets */ = {isa = PBXFileReference; lastKnownFileType = folder.assetcatalog; path = Assets.xcassets; sourceTree = "<group>"; };
		ACE7AE9A23A262C60012E2AC /* Preview Assets.xcassets */ = {isa = PBXFileReference; lastKnownFileType = folder.assetcatalog; path = "Preview Assets.xcassets"; sourceTree = "<group>"; };
		ACE7AE9D23A262C60012E2AC /* Base */ = {isa = PBXFileReference; lastKnownFileType = file.storyboard; name = Base; path = Base.lproj/LaunchScreen.storyboard; sourceTree = "<group>"; };
		ACE7AE9F23A262C60012E2AC /* Info.plist */ = {isa = PBXFileReference; lastKnownFileType = text.plist.xml; path = Info.plist; sourceTree = "<group>"; };
		ACE7AEC523A3BD7C0012E2AC /* TriangleView.swift */ = {isa = PBXFileReference; lastKnownFileType = sourcecode.swift; path = TriangleView.swift; sourceTree = "<group>"; };
		ACE7AEC723A3BE4C0012E2AC /* ArcView.swift */ = {isa = PBXFileReference; lastKnownFileType = sourcecode.swift; path = ArcView.swift; sourceTree = "<group>"; };
		ACE7AEC923A3C41F0012E2AC /* FlowerView.swift */ = {isa = PBXFileReference; lastKnownFileType = sourcecode.swift; path = FlowerView.swift; sourceTree = "<group>"; };
		ACE7AECB23A3CA730012E2AC /* ImageFrameView.swift */ = {isa = PBXFileReference; lastKnownFileType = sourcecode.swift; path = ImageFrameView.swift; sourceTree = "<group>"; };
		ACE7AECD23A3CDA50012E2AC /* ColorCyclingCircle.swift */ = {isa = PBXFileReference; lastKnownFileType = sourcecode.swift; path = ColorCyclingCircle.swift; sourceTree = "<group>"; };
		ACE7AECF23A3CF610012E2AC /* ColorCircleView.swift */ = {isa = PBXFileReference; lastKnownFileType = sourcecode.swift; path = ColorCircleView.swift; sourceTree = "<group>"; };
		ACE7AED523A573C40012E2AC /* SpecialEffectsView.swift */ = {isa = PBXFileReference; lastKnownFileType = sourcecode.swift; path = SpecialEffectsView.swift; sourceTree = "<group>"; };
		ACE7AED723A577690012E2AC /* BlurSaturationView.swift */ = {isa = PBXFileReference; lastKnownFileType = sourcecode.swift; path = BlurSaturationView.swift; sourceTree = "<group>"; };
/* End PBXFileReference section */

/* Begin PBXFrameworksBuildPhase section */
		ACE7AE8B23A262C10012E2AC /* Frameworks */ = {
			isa = PBXFrameworksBuildPhase;
			buildActionMask = 2147483647;
			files = (
			);
			runOnlyForDeploymentPostprocessing = 0;
		};
/* End PBXFrameworksBuildPhase section */

/* Begin PBXGroup section */
		ACE7AE8523A262C10012E2AC = {
			isa = PBXGroup;
			children = (
				ACE7AE9023A262C10012E2AC /* Drawing */,
				ACE7AE8F23A262C10012E2AC /* Products */,
			);
			sourceTree = "<group>";
		};
		ACE7AE8F23A262C10012E2AC /* Products */ = {
			isa = PBXGroup;
			children = (
				ACE7AE8E23A262C10012E2AC /* Drawing.app */,
			);
			name = Products;
			sourceTree = "<group>";
		};
		ACE7AE9023A262C10012E2AC /* Drawing */ = {
			isa = PBXGroup;
			children = (
				ACE7AE9123A262C10012E2AC /* AppDelegate.swift */,
				ACE7AE9323A262C10012E2AC /* SceneDelegate.swift */,
				ACE7AE9523A262C10012E2AC /* ContentView.swift */,
				ACE7AEC923A3C41F0012E2AC /* FlowerView.swift */,
				ACE7AEC723A3BE4C0012E2AC /* ArcView.swift */,
				ACE7AECD23A3CDA50012E2AC /* ColorCyclingCircle.swift */,
				ACE7AED523A573C40012E2AC /* SpecialEffectsView.swift */,
				ACE7AED723A577690012E2AC /* BlurSaturationView.swift */,
				ACE7AECF23A3CF610012E2AC /* ColorCircleView.swift */,
				ACE7AEC523A3BD7C0012E2AC /* TriangleView.swift */,
				ACE7AE9723A262C60012E2AC /* Assets.xcassets */,
				ACE7AECB23A3CA730012E2AC /* ImageFrameView.swift */,
				ACE7AE9C23A262C60012E2AC /* LaunchScreen.storyboard */,
				ACE7AE9F23A262C60012E2AC /* Info.plist */,
				ACE7AE9923A262C60012E2AC /* Preview Content */,
			);
			path = Drawing;
			sourceTree = "<group>";
		};
		ACE7AE9923A262C60012E2AC /* Preview Content */ = {
			isa = PBXGroup;
			children = (
				ACE7AE9A23A262C60012E2AC /* Preview Assets.xcassets */,
			);
			path = "Preview Content";
			sourceTree = "<group>";
		};
/* End PBXGroup section */

/* Begin PBXNativeTarget section */
		ACE7AE8D23A262C10012E2AC /* Drawing */ = {
			isa = PBXNativeTarget;
			buildConfigurationList = ACE7AEA223A262C60012E2AC /* Build configuration list for PBXNativeTarget "Drawing" */;
			buildPhases = (
				ACE7AE8A23A262C10012E2AC /* Sources */,
				ACE7AE8B23A262C10012E2AC /* Frameworks */,
				ACE7AE8C23A262C10012E2AC /* Resources */,
			);
			buildRules = (
			);
			dependencies = (
			);
			name = Drawing;
			productName = Drawing;
			productReference = ACE7AE8E23A262C10012E2AC /* Drawing.app */;
			productType = "com.apple.product-type.application";
		};
/* End PBXNativeTarget section */

/* Begin PBXProject section */
		ACE7AE8623A262C10012E2AC /* Project object */ = {
			isa = PBXProject;
			attributes = {
				LastSwiftUpdateCheck = 1130;
				LastUpgradeCheck = 1130;
				ORGANIZATIONNAME = "Stefan Blos";
				TargetAttributes = {
					ACE7AE8D23A262C10012E2AC = {
						CreatedOnToolsVersion = 11.3;
					};
				};
			};
			buildConfigurationList = ACE7AE8923A262C10012E2AC /* Build configuration list for PBXProject "Drawing" */;
			compatibilityVersion = "Xcode 9.3";
			developmentRegion = en;
			hasScannedForEncodings = 0;
			knownRegions = (
				en,
				Base,
			);
			mainGroup = ACE7AE8523A262C10012E2AC;
			productRefGroup = ACE7AE8F23A262C10012E2AC /* Products */;
			projectDirPath = "";
			projectRoot = "";
			targets = (
				ACE7AE8D23A262C10012E2AC /* Drawing */,
			);
		};
/* End PBXProject section */

/* Begin PBXResourcesBuildPhase section */
		ACE7AE8C23A262C10012E2AC /* Resources */ = {
			isa = PBXResourcesBuildPhase;
			buildActionMask = 2147483647;
			files = (
				ACE7AE9E23A262C60012E2AC /* LaunchScreen.storyboard in Resources */,
				ACE7AE9B23A262C60012E2AC /* Preview Assets.xcassets in Resources */,
				ACE7AE9823A262C60012E2AC /* Assets.xcassets in Resources */,
			);
			runOnlyForDeploymentPostprocessing = 0;
		};
/* End PBXResourcesBuildPhase section */

/* Begin PBXSourcesBuildPhase section */
		ACE7AE8A23A262C10012E2AC /* Sources */ = {
			isa = PBXSourcesBuildPhase;
			buildActionMask = 2147483647;
			files = (
				ACE7AEC623A3BD7C0012E2AC /* TriangleView.swift in Sources */,
				ACE7AECA23A3C41F0012E2AC /* FlowerView.swift in Sources */,
				ACE7AEC823A3BE4C0012E2AC /* ArcView.swift in Sources */,
				ACE7AED023A3CF610012E2AC /* ColorCircleView.swift in Sources */,
				ACE7AE9223A262C10012E2AC /* AppDelegate.swift in Sources */,
				ACE7AE9423A262C10012E2AC /* SceneDelegate.swift in Sources */,
				ACE7AECE23A3CDA50012E2AC /* ColorCyclingCircle.swift in Sources */,
				ACE7AED623A573C40012E2AC /* SpecialEffectsView.swift in Sources */,
				ACE7AECC23A3CA730012E2AC /* ImageFrameView.swift in Sources */,
				ACE7AE9623A262C10012E2AC /* ContentView.swift in Sources */,
				ACE7AED823A577690012E2AC /* BlurSaturationView.swift in Sources */,
			);
			runOnlyForDeploymentPostprocessing = 0;
		};
/* End PBXSourcesBuildPhase section */

/* Begin PBXVariantGroup section */
		ACE7AE9C23A262C60012E2AC /* LaunchScreen.storyboard */ = {
			isa = PBXVariantGroup;
			children = (
				ACE7AE9D23A262C60012E2AC /* Base */,
			);
			name = LaunchScreen.storyboard;
			sourceTree = "<group>";
		};
/* End PBXVariantGroup section */

/* Begin XCBuildConfiguration section */
		ACE7AEA023A262C60012E2AC /* Debug */ = {
			isa = XCBuildConfiguration;
			buildSettings = {
				ALWAYS_SEARCH_USER_PATHS = NO;
				CLANG_ANALYZER_NONNULL = YES;
				CLANG_ANALYZER_NUMBER_OBJECT_CONVERSION = YES_AGGRESSIVE;
				CLANG_CXX_LANGUAGE_STANDARD = "gnu++14";
				CLANG_CXX_LIBRARY = "libc++";
				CLANG_ENABLE_MODULES = YES;
				CLANG_ENABLE_OBJC_ARC = YES;
				CLANG_ENABLE_OBJC_WEAK = YES;
				CLANG_WARN_BLOCK_CAPTURE_AUTORELEASING = YES;
				CLANG_WARN_BOOL_CONVERSION = YES;
				CLANG_WARN_COMMA = YES;
				CLANG_WARN_CONSTANT_CONVERSION = YES;
				CLANG_WARN_DEPRECATED_OBJC_IMPLEMENTATIONS = YES;
				CLANG_WARN_DIRECT_OBJC_ISA_USAGE = YES_ERROR;
				CLANG_WARN_DOCUMENTATION_COMMENTS = YES;
				CLANG_WARN_EMPTY_BODY = YES;
				CLANG_WARN_ENUM_CONVERSION = YES;
				CLANG_WARN_INFINITE_RECURSION = YES;
				CLANG_WARN_INT_CONVERSION = YES;
				CLANG_WARN_NON_LITERAL_NULL_CONVERSION = YES;
				CLANG_WARN_OBJC_IMPLICIT_RETAIN_SELF = YES;
				CLANG_WARN_OBJC_LITERAL_CONVERSION = YES;
				CLANG_WARN_OBJC_ROOT_CLASS = YES_ERROR;
				CLANG_WARN_RANGE_LOOP_ANALYSIS = YES;
				CLANG_WARN_STRICT_PROTOTYPES = YES;
				CLANG_WARN_SUSPICIOUS_MOVE = YES;
				CLANG_WARN_UNGUARDED_AVAILABILITY = YES_AGGRESSIVE;
				CLANG_WARN_UNREACHABLE_CODE = YES;
				CLANG_WARN__DUPLICATE_METHOD_MATCH = YES;
				COPY_PHASE_STRIP = NO;
				DEBUG_INFORMATION_FORMAT = dwarf;
				ENABLE_STRICT_OBJC_MSGSEND = YES;
				ENABLE_TESTABILITY = YES;
				GCC_C_LANGUAGE_STANDARD = gnu11;
				GCC_DYNAMIC_NO_PIC = NO;
				GCC_NO_COMMON_BLOCKS = YES;
				GCC_OPTIMIZATION_LEVEL = 0;
				GCC_PREPROCESSOR_DEFINITIONS = (
					"DEBUG=1",
					"$(inherited)",
				);
				GCC_WARN_64_TO_32_BIT_CONVERSION = YES;
				GCC_WARN_ABOUT_RETURN_TYPE = YES_ERROR;
				GCC_WARN_UNDECLARED_SELECTOR = YES;
				GCC_WARN_UNINITIALIZED_AUTOS = YES_AGGRESSIVE;
				GCC_WARN_UNUSED_FUNCTION = YES;
				GCC_WARN_UNUSED_VARIABLE = YES;
				IPHONEOS_DEPLOYMENT_TARGET = 13.2;
				MTL_ENABLE_DEBUG_INFO = INCLUDE_SOURCE;
				MTL_FAST_MATH = YES;
				ONLY_ACTIVE_ARCH = YES;
				SDKROOT = iphoneos;
				SWIFT_ACTIVE_COMPILATION_CONDITIONS = DEBUG;
				SWIFT_OPTIMIZATION_LEVEL = "-Onone";
			};
			name = Debug;
		};
		ACE7AEA123A262C60012E2AC /* Release */ = {
			isa = XCBuildConfiguration;
			buildSettings = {
				ALWAYS_SEARCH_USER_PATHS = NO;
				CLANG_ANALYZER_NONNULL = YES;
				CLANG_ANALYZER_NUMBER_OBJECT_CONVERSION = YES_AGGRESSIVE;
				CLANG_CXX_LANGUAGE_STANDARD = "gnu++14";
				CLANG_CXX_LIBRARY = "libc++";
				CLANG_ENABLE_MODULES = YES;
				CLANG_ENABLE_OBJC_ARC = YES;
				CLANG_ENABLE_OBJC_WEAK = YES;
				CLANG_WARN_BLOCK_CAPTURE_AUTORELEASING = YES;
				CLANG_WARN_BOOL_CONVERSION = YES;
				CLANG_WARN_COMMA = YES;
				CLANG_WARN_CONSTANT_CONVERSION = YES;
				CLANG_WARN_DEPRECATED_OBJC_IMPLEMENTATIONS = YES;
				CLANG_WARN_DIRECT_OBJC_ISA_USAGE = YES_ERROR;
				CLANG_WARN_DOCUMENTATION_COMMENTS = YES;
				CLANG_WARN_EMPTY_BODY = YES;
				CLANG_WARN_ENUM_CONVERSION = YES;
				CLANG_WARN_INFINITE_RECURSION = YES;
				CLANG_WARN_INT_CONVERSION = YES;
				CLANG_WARN_NON_LITERAL_NULL_CONVERSION = YES;
				CLANG_WARN_OBJC_IMPLICIT_RETAIN_SELF = YES;
				CLANG_WARN_OBJC_LITERAL_CONVERSION = YES;
				CLANG_WARN_OBJC_ROOT_CLASS = YES_ERROR;
				CLANG_WARN_RANGE_LOOP_ANALYSIS = YES;
				CLANG_WARN_STRICT_PROTOTYPES = YES;
				CLANG_WARN_SUSPICIOUS_MOVE = YES;
				CLANG_WARN_UNGUARDED_AVAILABILITY = YES_AGGRESSIVE;
				CLANG_WARN_UNREACHABLE_CODE = YES;
				CLANG_WARN__DUPLICATE_METHOD_MATCH = YES;
				COPY_PHASE_STRIP = NO;
				DEBUG_INFORMATION_FORMAT = "dwarf-with-dsym";
				ENABLE_NS_ASSERTIONS = NO;
				ENABLE_STRICT_OBJC_MSGSEND = YES;
				GCC_C_LANGUAGE_STANDARD = gnu11;
				GCC_NO_COMMON_BLOCKS = YES;
				GCC_WARN_64_TO_32_BIT_CONVERSION = YES;
				GCC_WARN_ABOUT_RETURN_TYPE = YES_ERROR;
				GCC_WARN_UNDECLARED_SELECTOR = YES;
				GCC_WARN_UNINITIALIZED_AUTOS = YES_AGGRESSIVE;
				GCC_WARN_UNUSED_FUNCTION = YES;
				GCC_WARN_UNUSED_VARIABLE = YES;
				IPHONEOS_DEPLOYMENT_TARGET = 13.2;
				MTL_ENABLE_DEBUG_INFO = NO;
				MTL_FAST_MATH = YES;
				SDKROOT = iphoneos;
				SWIFT_COMPILATION_MODE = wholemodule;
				SWIFT_OPTIMIZATION_LEVEL = "-O";
				VALIDATE_PRODUCT = YES;
			};
			name = Release;
		};
		ACE7AEA323A262C60012E2AC /* Debug */ = {
			isa = XCBuildConfiguration;
			buildSettings = {
				ASSETCATALOG_COMPILER_APPICON_NAME = AppIcon;
				CODE_SIGN_STYLE = Automatic;
				DEVELOPMENT_ASSET_PATHS = "\"Drawing/Preview Content\"";
				DEVELOPMENT_TEAM = JY49624W8T;
				ENABLE_PREVIEWS = YES;
				INFOPLIST_FILE = Drawing/Info.plist;
				LD_RUNPATH_SEARCH_PATHS = (
					"$(inherited)",
					"@executable_path/Frameworks",
				);
				PRODUCT_BUNDLE_IDENTIFIER = com.stefanblos.Drawing;
				PRODUCT_NAME = "$(TARGET_NAME)";
				SWIFT_VERSION = 5.0;
				TARGETED_DEVICE_FAMILY = "1,2";
			};
			name = Debug;
		};
		ACE7AEA423A262C60012E2AC /* Release */ = {
			isa = XCBuildConfiguration;
			buildSettings = {
				ASSETCATALOG_COMPILER_APPICON_NAME = AppIcon;
				CODE_SIGN_STYLE = Automatic;
				DEVELOPMENT_ASSET_PATHS = "\"Drawing/Preview Content\"";
				DEVELOPMENT_TEAM = JY49624W8T;
				ENABLE_PREVIEWS = YES;
				INFOPLIST_FILE = Drawing/Info.plist;
				LD_RUNPATH_SEARCH_PATHS = (
					"$(inherited)",
					"@executable_path/Frameworks",
				);
				PRODUCT_BUNDLE_IDENTIFIER = com.stefanblos.Drawing;
				PRODUCT_NAME = "$(TARGET_NAME)";
				SWIFT_VERSION = 5.0;
				TARGETED_DEVICE_FAMILY = "1,2";
			};
			name = Release;
		};
/* End XCBuildConfiguration section */

/* Begin XCConfigurationList section */
		ACE7AE8923A262C10012E2AC /* Build configuration list for PBXProject "Drawing" */ = {
			isa = XCConfigurationList;
			buildConfigurations = (
				ACE7AEA023A262C60012E2AC /* Debug */,
				ACE7AEA123A262C60012E2AC /* Release */,
			);
			defaultConfigurationIsVisible = 0;
			defaultConfigurationName = Release;
		};
		ACE7AEA223A262C60012E2AC /* Build configuration list for PBXNativeTarget "Drawing" */ = {
			isa = XCConfigurationList;
			buildConfigurations = (
				ACE7AEA323A262C60012E2AC /* Debug */,
				ACE7AEA423A262C60012E2AC /* Release */,
			);
			defaultConfigurationIsVisible = 0;
			defaultConfigurationName = Release;
		};
/* End XCConfigurationList section */
	};
	rootObject = ACE7AE8623A262C10012E2AC /* Project object */;
}
